// !$*UTF8*$!
{
	archiveVersion = 1;
	classes = {
	};
	objectVersion = 46;
	objects = {

/* Begin PBXBuildFile section */
		640418301845BCF800570C25 /* AKStatusItemView.m in Sources */ = {isa = PBXBuildFile; fileRef = 6404182F1845BCF800570C25 /* AKStatusItemView.m */; };
		6415A5A6182F4E1300EEBAA2 /* Cocoa.framework in Frameworks */ = {isa = PBXBuildFile; fileRef = 6415A5A5182F4E1300EEBAA2 /* Cocoa.framework */; };
		6415A5B2182F4E1300EEBAA2 /* main.m in Sources */ = {isa = PBXBuildFile; fileRef = 6415A5B1182F4E1300EEBAA2 /* main.m */; };
		6415A5B9182F4E1300EEBAA2 /* AKAppDelegate.m in Sources */ = {isa = PBXBuildFile; fileRef = 6415A5B8182F4E1300EEBAA2 /* AKAppDelegate.m */; };
		6415A5BC182F4E1300EEBAA2 /* MainMenu.xib in Resources */ = {isa = PBXBuildFile; fileRef = 6415A5BA182F4E1300EEBAA2 /* MainMenu.xib */; };
		6415A5BE182F4E1300EEBAA2 /* Images.xcassets in Resources */ = {isa = PBXBuildFile; fileRef = 6415A5BD182F4E1300EEBAA2 /* Images.xcassets */; };
		64490A881832AF6F006F8D10 /* AKSettings.m in Sources */ = {isa = PBXBuildFile; fileRef = 64490A871832AF6F006F8D10 /* AKSettings.m */; };
		64A901071833377F00D91489 /* XCTest.framework in Frameworks */ = {isa = PBXBuildFile; fileRef = 6415A5C4182F4E1400EEBAA2 /* XCTest.framework */; };
		64A9010D1833377F00D91489 /* InfoPlist.strings in Resources */ = {isa = PBXBuildFile; fileRef = 64A9010B1833377F00D91489 /* InfoPlist.strings */; };
		64A9010F1833377F00D91489 /* StatusThing_Tests.m in Sources */ = {isa = PBXBuildFile; fileRef = 64A9010E1833377F00D91489 /* StatusThing_Tests.m */; };
		64A901171833398400D91489 /* AKTestSettings.m in Sources */ = {isa = PBXBuildFile; fileRef = 64A901161833398400D91489 /* AKTestSettings.m */; };
		64B497C2183735DD007BB1D0 /* Sparkle.framework in Frameworks */ = {isa = PBXBuildFile; fileRef = 64B497C1183735DD007BB1D0 /* Sparkle.framework */; };
		64B497C5183737F8007BB1D0 /* Sparkle.framework in CopyFiles */ = {isa = PBXBuildFile; fileRef = 64B497C1183735DD007BB1D0 /* Sparkle.framework */; };
		64B497C718373E5D007BB1D0 /* sparkle-public-key.pem in Resources */ = {isa = PBXBuildFile; fileRef = 64B497C618373E5D007BB1D0 /* sparkle-public-key.pem */; };
		64B497CA1839D035007BB1D0 /* AKLaunchItem.m in Sources */ = {isa = PBXBuildFile; fileRef = 64B497C91839D035007BB1D0 /* AKLaunchItem.m */; };
		B69F5283100C4CBD930BB43F /* libPods.a in Frameworks */ = {isa = PBXBuildFile; fileRef = ABA0628C4E3D4093B823CE66 /* libPods.a */; };
/* End PBXBuildFile section */

/* Begin PBXContainerItemProxy section */
		64A901111833377F00D91489 /* PBXContainerItemProxy */ = {
			isa = PBXContainerItemProxy;
			containerPortal = 6415A59A182F4E1300EEBAA2 /* Project object */;
			proxyType = 1;
			remoteGlobalIDString = 6415A5A1182F4E1300EEBAA2;
			remoteInfo = StatusThing;
		};
/* End PBXContainerItemProxy section */

/* Begin PBXCopyFilesBuildPhase section */
		64B497C4183737D5007BB1D0 /* CopyFiles */ = {
			isa = PBXCopyFilesBuildPhase;
			buildActionMask = 12;
			dstPath = "";
			dstSubfolderSpec = 10;
			files = (
				64B497C5183737F8007BB1D0 /* Sparkle.framework in CopyFiles */,
			);
			runOnlyForDeploymentPostprocessing = 0;
		};
/* End PBXCopyFilesBuildPhase section */

/* Begin PBXFileReference section */
		19E9432CA91C494DA4F25F6D /* Pods.xcconfig */ = {isa = PBXFileReference; includeInIndex = 1; lastKnownFileType = text.xcconfig; name = Pods.xcconfig; path = Pods/Pods.xcconfig; sourceTree = "<group>"; };
		6404182E1845BCF800570C25 /* AKStatusItemView.h */ = {isa = PBXFileReference; fileEncoding = 4; lastKnownFileType = sourcecode.c.h; path = AKStatusItemView.h; sourceTree = "<group>"; };
		6404182F1845BCF800570C25 /* AKStatusItemView.m */ = {isa = PBXFileReference; fileEncoding = 4; lastKnownFileType = sourcecode.c.objc; path = AKStatusItemView.m; sourceTree = "<group>"; };
		6415A5A2182F4E1300EEBAA2 /* StatusThing.app */ = {isa = PBXFileReference; explicitFileType = wrapper.application; includeInIndex = 0; path = StatusThing.app; sourceTree = BUILT_PRODUCTS_DIR; };
		6415A5A5182F4E1300EEBAA2 /* Cocoa.framework */ = {isa = PBXFileReference; lastKnownFileType = wrapper.framework; name = Cocoa.framework; path = System/Library/Frameworks/Cocoa.framework; sourceTree = SDKROOT; };
		6415A5A8182F4E1300EEBAA2 /* AppKit.framework */ = {isa = PBXFileReference; lastKnownFileType = wrapper.framework; name = AppKit.framework; path = System/Library/Frameworks/AppKit.framework; sourceTree = SDKROOT; };
		6415A5A9182F4E1300EEBAA2 /* CoreData.framework */ = {isa = PBXFileReference; lastKnownFileType = wrapper.framework; name = CoreData.framework; path = System/Library/Frameworks/CoreData.framework; sourceTree = SDKROOT; };
		6415A5AA182F4E1300EEBAA2 /* Foundation.framework */ = {isa = PBXFileReference; lastKnownFileType = wrapper.framework; name = Foundation.framework; path = System/Library/Frameworks/Foundation.framework; sourceTree = SDKROOT; };
		6415A5AD182F4E1300EEBAA2 /* StatusThing-Info.plist */ = {isa = PBXFileReference; lastKnownFileType = text.plist.xml; path = "StatusThing-Info.plist"; sourceTree = "<group>"; };
		6415A5B1182F4E1300EEBAA2 /* main.m */ = {isa = PBXFileReference; lastKnownFileType = sourcecode.c.objc; path = main.m; sourceTree = "<group>"; };
		6415A5B3182F4E1300EEBAA2 /* StatusThing-Prefix.pch */ = {isa = PBXFileReference; lastKnownFileType = sourcecode.c.h; path = "StatusThing-Prefix.pch"; sourceTree = "<group>"; };
		6415A5B7182F4E1300EEBAA2 /* AKAppDelegate.h */ = {isa = PBXFileReference; lastKnownFileType = sourcecode.c.h; path = AKAppDelegate.h; sourceTree = "<group>"; };
		6415A5B8182F4E1300EEBAA2 /* AKAppDelegate.m */ = {isa = PBXFileReference; lastKnownFileType = sourcecode.c.objc; path = AKAppDelegate.m; sourceTree = "<group>"; };
		6415A5BB182F4E1300EEBAA2 /* Base */ = {isa = PBXFileReference; lastKnownFileType = file.xib; name = Base; path = Base.lproj/MainMenu.xib; sourceTree = "<group>"; };
		6415A5BD182F4E1300EEBAA2 /* Images.xcassets */ = {isa = PBXFileReference; lastKnownFileType = folder.assetcatalog; path = Images.xcassets; sourceTree = "<group>"; };
		6415A5C4182F4E1400EEBAA2 /* XCTest.framework */ = {isa = PBXFileReference; lastKnownFileType = wrapper.framework; name = XCTest.framework; path = Library/Frameworks/XCTest.framework; sourceTree = DEVELOPER_DIR; };
		64490A861832AF6F006F8D10 /* AKSettings.h */ = {isa = PBXFileReference; fileEncoding = 4; lastKnownFileType = sourcecode.c.h; name = AKSettings.h; path = ../AKSettings.h; sourceTree = "<group>"; };
		64490A871832AF6F006F8D10 /* AKSettings.m */ = {isa = PBXFileReference; fileEncoding = 4; lastKnownFileType = sourcecode.c.objc; name = AKSettings.m; path = ../AKSettings.m; sourceTree = "<group>"; };
		64490A9118332852006F8D10 /* StatusThing Tests-Info.plist */ = {isa = PBXFileReference; lastKnownFileType = text.plist.xml; path = "StatusThing Tests-Info.plist"; sourceTree = "<group>"; };
		64490A9318332852006F8D10 /* en */ = {isa = PBXFileReference; lastKnownFileType = text.plist.strings; name = en; path = en.lproj/InfoPlist.strings; sourceTree = "<group>"; };
		64490A9518332852006F8D10 /* StatusThing_Tests.m */ = {isa = PBXFileReference; lastKnownFileType = sourcecode.c.objc; path = StatusThing_Tests.m; sourceTree = "<group>"; };
		64490A9718332852006F8D10 /* StatusThing Tests-Prefix.pch */ = {isa = PBXFileReference; lastKnownFileType = sourcecode.c.h; path = "StatusThing Tests-Prefix.pch"; sourceTree = "<group>"; };
		64A901061833377F00D91489 /* StatusThing Tests.xctest */ = {isa = PBXFileReference; explicitFileType = wrapper.cfbundle; includeInIndex = 0; path = "StatusThing Tests.xctest"; sourceTree = BUILT_PRODUCTS_DIR; };
		64A9010A1833377F00D91489 /* StatusThing Tests-Info.plist */ = {isa = PBXFileReference; lastKnownFileType = text.plist.xml; path = "StatusThing Tests-Info.plist"; sourceTree = "<group>"; };
		64A9010C1833377F00D91489 /* en */ = {isa = PBXFileReference; lastKnownFileType = text.plist.strings; name = en; path = en.lproj/InfoPlist.strings; sourceTree = "<group>"; };
		64A9010E1833377F00D91489 /* StatusThing_Tests.m */ = {isa = PBXFileReference; lastKnownFileType = sourcecode.c.objc; path = StatusThing_Tests.m; sourceTree = "<group>"; };
		64A901101833377F00D91489 /* StatusThing Tests-Prefix.pch */ = {isa = PBXFileReference; lastKnownFileType = sourcecode.c.h; path = "StatusThing Tests-Prefix.pch"; sourceTree = "<group>"; };
		64A901161833398400D91489 /* AKTestSettings.m */ = {isa = PBXFileReference; fileEncoding = 4; lastKnownFileType = sourcecode.c.objc; path = AKTestSettings.m; sourceTree = "<group>"; };
		64B497C1183735DD007BB1D0 /* Sparkle.framework */ = {isa = PBXFileReference; lastKnownFileType = wrapper.framework; path = Sparkle.framework; sourceTree = "<group>"; };
		64B497C618373E5D007BB1D0 /* sparkle-public-key.pem */ = {isa = PBXFileReference; fileEncoding = 4; lastKnownFileType = text; path = "sparkle-public-key.pem"; sourceTree = "<group>"; };
		64B497C81839D035007BB1D0 /* AKLaunchItem.h */ = {isa = PBXFileReference; fileEncoding = 4; lastKnownFileType = sourcecode.c.h; path = AKLaunchItem.h; sourceTree = "<group>"; };
		64B497C91839D035007BB1D0 /* AKLaunchItem.m */ = {isa = PBXFileReference; fileEncoding = 4; lastKnownFileType = sourcecode.c.objc; path = AKLaunchItem.m; sourceTree = "<group>"; };
		ABA0628C4E3D4093B823CE66 /* libPods.a */ = {isa = PBXFileReference; explicitFileType = archive.ar; includeInIndex = 0; path = libPods.a; sourceTree = BUILT_PRODUCTS_DIR; };
/* End PBXFileReference section */

/* Begin PBXFrameworksBuildPhase section */
		6415A59F182F4E1300EEBAA2 /* Frameworks */ = {
			isa = PBXFrameworksBuildPhase;
			buildActionMask = 2147483647;
			files = (
				6415A5A6182F4E1300EEBAA2 /* Cocoa.framework in Frameworks */,
				64B497C2183735DD007BB1D0 /* Sparkle.framework in Frameworks */,
				B69F5283100C4CBD930BB43F /* libPods.a in Frameworks */,
			);
			runOnlyForDeploymentPostprocessing = 0;
		};
		64A901031833377F00D91489 /* Frameworks */ = {
			isa = PBXFrameworksBuildPhase;
			buildActionMask = 2147483647;
			files = (
				64A901071833377F00D91489 /* XCTest.framework in Frameworks */,
			);
			runOnlyForDeploymentPostprocessing = 0;
		};
/* End PBXFrameworksBuildPhase section */

/* Begin PBXGroup section */
		6415A599182F4E1300EEBAA2 = {
			isa = PBXGroup;
			children = (
				6415A5AB182F4E1300EEBAA2 /* StatusThing */,
				64490A8F18332852006F8D10 /* StatusThing Tests */,
				64A901081833377F00D91489 /* StatusThing Tests */,
				6415A5A4182F4E1300EEBAA2 /* Frameworks */,
				6415A5A3182F4E1300EEBAA2 /* Products */,
				19E9432CA91C494DA4F25F6D /* Pods.xcconfig */,
			);
			sourceTree = "<group>";
		};
		6415A5A3182F4E1300EEBAA2 /* Products */ = {
			isa = PBXGroup;
			children = (
				6415A5A2182F4E1300EEBAA2 /* StatusThing.app */,
				64A901061833377F00D91489 /* StatusThing Tests.xctest */,
			);
			name = Products;
			sourceTree = "<group>";
		};
		6415A5A4182F4E1300EEBAA2 /* Frameworks */ = {
			isa = PBXGroup;
			children = (
				64B497C1183735DD007BB1D0 /* Sparkle.framework */,
				6415A5A5182F4E1300EEBAA2 /* Cocoa.framework */,
				6415A5C4182F4E1400EEBAA2 /* XCTest.framework */,
				6415A5A7182F4E1300EEBAA2 /* Other Frameworks */,
				ABA0628C4E3D4093B823CE66 /* libPods.a */,
			);
			name = Frameworks;
			sourceTree = "<group>";
		};
		6415A5A7182F4E1300EEBAA2 /* Other Frameworks */ = {
			isa = PBXGroup;
			children = (
				6415A5A8182F4E1300EEBAA2 /* AppKit.framework */,
				6415A5A9182F4E1300EEBAA2 /* CoreData.framework */,
				6415A5AA182F4E1300EEBAA2 /* Foundation.framework */,
			);
			name = "Other Frameworks";
			sourceTree = "<group>";
		};
		6415A5AB182F4E1300EEBAA2 /* StatusThing */ = {
			isa = PBXGroup;
			children = (
				64490A861832AF6F006F8D10 /* AKSettings.h */,
				64490A871832AF6F006F8D10 /* AKSettings.m */,
				64B497C81839D035007BB1D0 /* AKLaunchItem.h */,
				64B497C91839D035007BB1D0 /* AKLaunchItem.m */,
				6415A5B7182F4E1300EEBAA2 /* AKAppDelegate.h */,
				6415A5B8182F4E1300EEBAA2 /* AKAppDelegate.m */,
				6404182E1845BCF800570C25 /* AKStatusItemView.h */,
				6404182F1845BCF800570C25 /* AKStatusItemView.m */,
				6415A5BA182F4E1300EEBAA2 /* MainMenu.xib */,
				6415A5BD182F4E1300EEBAA2 /* Images.xcassets */,
				6415A5AC182F4E1300EEBAA2 /* Supporting Files */,
			);
			path = StatusThing;
			sourceTree = "<group>";
		};
		6415A5AC182F4E1300EEBAA2 /* Supporting Files */ = {
			isa = PBXGroup;
			children = (
				64B497C618373E5D007BB1D0 /* sparkle-public-key.pem */,
				6415A5AD182F4E1300EEBAA2 /* StatusThing-Info.plist */,
				6415A5B1182F4E1300EEBAA2 /* main.m */,
				6415A5B3182F4E1300EEBAA2 /* StatusThing-Prefix.pch */,
			);
			name = "Supporting Files";
			sourceTree = "<group>";
		};
		64490A8F18332852006F8D10 /* StatusThing Tests */ = {
			isa = PBXGroup;
			children = (
				64490A9518332852006F8D10 /* StatusThing_Tests.m */,
				64490A9018332852006F8D10 /* Supporting Files */,
			);
			path = "StatusThing Tests";
			sourceTree = "<group>";
		};
		64490A9018332852006F8D10 /* Supporting Files */ = {
			isa = PBXGroup;
			children = (
				64490A9118332852006F8D10 /* StatusThing Tests-Info.plist */,
				64490A9218332852006F8D10 /* InfoPlist.strings */,
				64490A9718332852006F8D10 /* StatusThing Tests-Prefix.pch */,
			);
			name = "Supporting Files";
			sourceTree = "<group>";
		};
		64A901081833377F00D91489 /* StatusThing Tests */ = {
			isa = PBXGroup;
			children = (
				64A901161833398400D91489 /* AKTestSettings.m */,
				64A9010E1833377F00D91489 /* StatusThing_Tests.m */,
				64A901091833377F00D91489 /* Supporting Files */,
			);
			path = "StatusThing Tests";
			sourceTree = "<group>";
		};
		64A901091833377F00D91489 /* Supporting Files */ = {
			isa = PBXGroup;
			children = (
				64A9010A1833377F00D91489 /* StatusThing Tests-Info.plist */,
				64A9010B1833377F00D91489 /* InfoPlist.strings */,
				64A901101833377F00D91489 /* StatusThing Tests-Prefix.pch */,
			);
			name = "Supporting Files";
			sourceTree = "<group>";
		};
/* End PBXGroup section */

/* Begin PBXNativeTarget section */
		6415A5A1182F4E1300EEBAA2 /* StatusThing */ = {
			isa = PBXNativeTarget;
			buildConfigurationList = 6415A5D3182F4E1400EEBAA2 /* Build configuration list for PBXNativeTarget "StatusThing" */;
			buildPhases = (
				1DB980862F4B4D19BA05A2EF /* Check Pods Manifest.lock */,
				6415A59E182F4E1300EEBAA2 /* Sources */,
				6415A59F182F4E1300EEBAA2 /* Frameworks */,
				6415A5A0182F4E1300EEBAA2 /* Resources */,
				C763CCFF0B6E4EE7AF53D3CA /* Copy Pods Resources */,
				64B497C4183737D5007BB1D0 /* CopyFiles */,
			);
			buildRules = (
			);
			dependencies = (
			);
			name = StatusThing;
			productName = StatusThing;
			productReference = 6415A5A2182F4E1300EEBAA2 /* StatusThing.app */;
			productType = "com.apple.product-type.application";
		};
		64A901051833377F00D91489 /* StatusThing Tests */ = {
			isa = PBXNativeTarget;
			buildConfigurationList = 64A901131833378000D91489 /* Build configuration list for PBXNativeTarget "StatusThing Tests" */;
			buildPhases = (
				64A901021833377F00D91489 /* Sources */,
				64A901031833377F00D91489 /* Frameworks */,
				64A901041833377F00D91489 /* Resources */,
			);
			buildRules = (
			);
			dependencies = (
				64A901121833377F00D91489 /* PBXTargetDependency */,
			);
			name = "StatusThing Tests";
			productName = "StatusThing Tests";
			productReference = 64A901061833377F00D91489 /* StatusThing Tests.xctest */;
			productType = "com.apple.product-type.bundle.unit-test";
		};
/* End PBXNativeTarget section */

/* Begin PBXProject section */
		6415A59A182F4E1300EEBAA2 /* Project object */ = {
			isa = PBXProject;
			attributes = {
				CLASSPREFIX = AK;
				LastUpgradeCheck = 0500;
				ORGANIZATIONNAME = "Alex King";
				TargetAttributes = {
					64A901051833377F00D91489 = {
						TestTargetID = 6415A5A1182F4E1300EEBAA2;
					};
				};
			};
			buildConfigurationList = 6415A59D182F4E1300EEBAA2 /* Build configuration list for PBXProject "StatusThing" */;
			compatibilityVersion = "Xcode 3.2";
			developmentRegion = English;
			hasScannedForEncodings = 0;
			knownRegions = (
				en,
				Base,
			);
			mainGroup = 6415A599182F4E1300EEBAA2;
			productRefGroup = 6415A5A3182F4E1300EEBAA2 /* Products */;
			projectDirPath = "";
			projectRoot = "";
			targets = (
				6415A5A1182F4E1300EEBAA2 /* StatusThing */,
				64A901051833377F00D91489 /* StatusThing Tests */,
			);
		};
/* End PBXProject section */

/* Begin PBXResourcesBuildPhase section */
		6415A5A0182F4E1300EEBAA2 /* Resources */ = {
			isa = PBXResourcesBuildPhase;
			buildActionMask = 2147483647;
			files = (
				6415A5BE182F4E1300EEBAA2 /* Images.xcassets in Resources */,
				64B497C718373E5D007BB1D0 /* sparkle-public-key.pem in Resources */,
				6415A5BC182F4E1300EEBAA2 /* MainMenu.xib in Resources */,
			);
			runOnlyForDeploymentPostprocessing = 0;
		};
		64A901041833377F00D91489 /* Resources */ = {
			isa = PBXResourcesBuildPhase;
			buildActionMask = 2147483647;
			files = (
				64A9010D1833377F00D91489 /* InfoPlist.strings in Resources */,
			);
			runOnlyForDeploymentPostprocessing = 0;
		};
/* End PBXResourcesBuildPhase section */

/* Begin PBXShellScriptBuildPhase section */
		1DB980862F4B4D19BA05A2EF /* Check Pods Manifest.lock */ = {
			isa = PBXShellScriptBuildPhase;
			buildActionMask = 2147483647;
			files = (
			);
			inputPaths = (
			);
			name = "Check Pods Manifest.lock";
			outputPaths = (
			);
			runOnlyForDeploymentPostprocessing = 0;
			shellPath = /bin/sh;
			shellScript = "diff \"${PODS_ROOT}/../Podfile.lock\" \"${PODS_ROOT}/Manifest.lock\" > /dev/null\nif [[ $? != 0 ]] ; then\n    cat << EOM\nerror: The sandbox is not in sync with the Podfile.lock. Run 'pod install' or update your CocoaPods installation.\nEOM\n    exit 1\nfi\n";
			showEnvVarsInLog = 0;
		};
		C763CCFF0B6E4EE7AF53D3CA /* Copy Pods Resources */ = {
			isa = PBXShellScriptBuildPhase;
			buildActionMask = 2147483647;
			files = (
			);
			inputPaths = (
			);
			name = "Copy Pods Resources";
			outputPaths = (
			);
			runOnlyForDeploymentPostprocessing = 0;
			shellPath = /bin/sh;
			shellScript = "\"${SRCROOT}/Pods/Pods-resources.sh\"\n";
			showEnvVarsInLog = 0;
		};
/* End PBXShellScriptBuildPhase section */

/* Begin PBXSourcesBuildPhase section */
		6415A59E182F4E1300EEBAA2 /* Sources */ = {
			isa = PBXSourcesBuildPhase;
			buildActionMask = 2147483647;
			files = (
				640418301845BCF800570C25 /* AKStatusItemView.m in Sources */,
				6415A5B9182F4E1300EEBAA2 /* AKAppDelegate.m in Sources */,
				64490A881832AF6F006F8D10 /* AKSettings.m in Sources */,
				6415A5B2182F4E1300EEBAA2 /* main.m in Sources */,
				64B497CA1839D035007BB1D0 /* AKLaunchItem.m in Sources */,
			);
			runOnlyForDeploymentPostprocessing = 0;
		};
		64A901021833377F00D91489 /* Sources */ = {
			isa = PBXSourcesBuildPhase;
			buildActionMask = 2147483647;
			files = (
				64A901171833398400D91489 /* AKTestSettings.m in Sources */,
				64A9010F1833377F00D91489 /* StatusThing_Tests.m in Sources */,
			);
			runOnlyForDeploymentPostprocessing = 0;
		};
/* End PBXSourcesBuildPhase section */

/* Begin PBXTargetDependency section */
		64A901121833377F00D91489 /* PBXTargetDependency */ = {
			isa = PBXTargetDependency;
			target = 6415A5A1182F4E1300EEBAA2 /* StatusThing */;
			targetProxy = 64A901111833377F00D91489 /* PBXContainerItemProxy */;
		};
/* End PBXTargetDependency section */

/* Begin PBXVariantGroup section */
		6415A5BA182F4E1300EEBAA2 /* MainMenu.xib */ = {
			isa = PBXVariantGroup;
			children = (
				6415A5BB182F4E1300EEBAA2 /* Base */,
			);
			name = MainMenu.xib;
			sourceTree = "<group>";
		};
		64490A9218332852006F8D10 /* InfoPlist.strings */ = {
			isa = PBXVariantGroup;
			children = (
				64490A9318332852006F8D10 /* en */,
			);
			name = InfoPlist.strings;
			sourceTree = "<group>";
		};
		64A9010B1833377F00D91489 /* InfoPlist.strings */ = {
			isa = PBXVariantGroup;
			children = (
				64A9010C1833377F00D91489 /* en */,
			);
			name = InfoPlist.strings;
			sourceTree = "<group>";
		};
/* End PBXVariantGroup section */

/* Begin XCBuildConfiguration section */
		6415A5D1182F4E1400EEBAA2 /* Debug */ = {
			isa = XCBuildConfiguration;
			baseConfigurationReference = 19E9432CA91C494DA4F25F6D /* Pods.xcconfig */;
			buildSettings = {
				ALWAYS_SEARCH_USER_PATHS = NO;
				CLANG_CXX_LANGUAGE_STANDARD = "gnu++0x";
				CLANG_CXX_LIBRARY = "libc++";
				CLANG_ENABLE_OBJC_ARC = YES;
				CLANG_WARN_BOOL_CONVERSION = YES;
				CLANG_WARN_CONSTANT_CONVERSION = YES;
				CLANG_WARN_DIRECT_OBJC_ISA_USAGE = YES_ERROR;
				CLANG_WARN_EMPTY_BODY = YES;
				CLANG_WARN_ENUM_CONVERSION = YES;
				CLANG_WARN_INT_CONVERSION = YES;
				CLANG_WARN_OBJC_ROOT_CLASS = YES_ERROR;
				CLANG_WARN__DUPLICATE_METHOD_MATCH = YES;
				COPY_PHASE_STRIP = NO;
				GCC_C_LANGUAGE_STANDARD = gnu99;
				GCC_DYNAMIC_NO_PIC = NO;
				GCC_ENABLE_OBJC_EXCEPTIONS = YES;
				GCC_OPTIMIZATION_LEVEL = 0;
				GCC_PREPROCESSOR_DEFINITIONS = (
					"DEBUG=1",
					"$(inherited)",
				);
				GCC_SYMBOLS_PRIVATE_EXTERN = NO;
				GCC_WARN_64_TO_32_BIT_CONVERSION = YES;
				GCC_WARN_ABOUT_RETURN_TYPE = YES_ERROR;
				GCC_WARN_UNDECLARED_SELECTOR = YES;
				GCC_WARN_UNINITIALIZED_AUTOS = YES;
				GCC_WARN_UNUSED_FUNCTION = YES;
				GCC_WARN_UNUSED_VARIABLE = YES;
				MACOSX_DEPLOYMENT_TARGET = 10.9;
				ONLY_ACTIVE_ARCH = YES;
				SDKROOT = macosx;
			};
			name = Debug;
		};
		6415A5D2182F4E1400EEBAA2 /* Release */ = {
			isa = XCBuildConfiguration;
			baseConfigurationReference = 19E9432CA91C494DA4F25F6D /* Pods.xcconfig */;
			buildSettings = {
				ALWAYS_SEARCH_USER_PATHS = NO;
				CLANG_CXX_LANGUAGE_STANDARD = "gnu++0x";
				CLANG_CXX_LIBRARY = "libc++";
				CLANG_ENABLE_OBJC_ARC = YES;
				CLANG_WARN_BOOL_CONVERSION = YES;
				CLANG_WARN_CONSTANT_CONVERSION = YES;
				CLANG_WARN_DIRECT_OBJC_ISA_USAGE = YES_ERROR;
				CLANG_WARN_EMPTY_BODY = YES;
				CLANG_WARN_ENUM_CONVERSION = YES;
				CLANG_WARN_INT_CONVERSION = YES;
				CLANG_WARN_OBJC_ROOT_CLASS = YES_ERROR;
				CLANG_WARN__DUPLICATE_METHOD_MATCH = YES;
				COPY_PHASE_STRIP = YES;
				DEBUG_INFORMATION_FORMAT = "dwarf-with-dsym";
				ENABLE_NS_ASSERTIONS = NO;
				GCC_C_LANGUAGE_STANDARD = gnu99;
				GCC_ENABLE_OBJC_EXCEPTIONS = YES;
				GCC_WARN_64_TO_32_BIT_CONVERSION = YES;
				GCC_WARN_ABOUT_RETURN_TYPE = YES_ERROR;
				GCC_WARN_UNDECLARED_SELECTOR = YES;
				GCC_WARN_UNINITIALIZED_AUTOS = YES;
				GCC_WARN_UNUSED_FUNCTION = YES;
				GCC_WARN_UNUSED_VARIABLE = YES;
				MACOSX_DEPLOYMENT_TARGET = 10.9;
				SDKROOT = macosx;
			};
			name = Release;
		};
		6415A5D4182F4E1400EEBAA2 /* Debug */ = {
			isa = XCBuildConfiguration;
			baseConfigurationReference = 19E9432CA91C494DA4F25F6D /* Pods.xcconfig */;
			buildSettings = {
				ASSETCATALOG_COMPILER_APPICON_NAME = AppIcon;
				COMBINE_HIDPI_IMAGES = YES;
				FRAMEWORK_SEARCH_PATHS = (
					"$(inherited)",
					"/Users/squidly/Downloads/Sparkle\\ 1",
					/Users/squidly/github/StatusThing,
				);
				GCC_PRECOMPILE_PREFIX_HEADER = YES;
				GCC_PREFIX_HEADER = "StatusThing/StatusThing-Prefix.pch";
				INFOPLIST_FILE = "StatusThing/StatusThing-Info.plist";
				PRODUCT_NAME = "$(TARGET_NAME)";
				WRAPPER_EXTENSION = app;
			};
			name = Debug;
		};
		6415A5D5182F4E1400EEBAA2 /* Release */ = {
			isa = XCBuildConfiguration;
			baseConfigurationReference = 19E9432CA91C494DA4F25F6D /* Pods.xcconfig */;
			buildSettings = {
				ASSETCATALOG_COMPILER_APPICON_NAME = AppIcon;
				COMBINE_HIDPI_IMAGES = YES;
				FRAMEWORK_SEARCH_PATHS = (
					"$(inherited)",
					"/Users/squidly/Downloads/Sparkle\\ 1",
					/Users/squidly/github/StatusThing,
				);
				GCC_PRECOMPILE_PREFIX_HEADER = YES;
				GCC_PREFIX_HEADER = "StatusThing/StatusThing-Prefix.pch";
				INFOPLIST_FILE = "StatusThing/StatusThing-Info.plist";
				PRODUCT_NAME = "$(TARGET_NAME)";
				WRAPPER_EXTENSION = app;
			};
			name = Release;
		};
		64A901141833378000D91489 /* Debug */ = {
			isa = XCBuildConfiguration;
			baseConfigurationReference = 19E9432CA91C494DA4F25F6D /* Pods.xcconfig */;
			buildSettings = {
				BUNDLE_LOADER = "$(BUILT_PRODUCTS_DIR)/StatusThing.app/Contents/MacOS/StatusThing";
				FRAMEWORK_SEARCH_PATHS = (
					"$(DEVELOPER_FRAMEWORKS_DIR)",
					"$(inherited)",
				);
				GCC_PRECOMPILE_PREFIX_HEADER = YES;
				GCC_PREFIX_HEADER = "StatusThing Tests/StatusThing Tests-Prefix.pch";
				GCC_PREPROCESSOR_DEFINITIONS = (
					"DEBUG=1",
					"$(inherited)",
				);
				INFOPLIST_FILE = "StatusThing Tests/StatusThing Tests-Info.plist";
				PRODUCT_NAME = "$(TARGET_NAME)";
				TEST_HOST = "$(BUNDLE_LOADER)";
				WRAPPER_EXTENSION = xctest;
			};
			name = Debug;
		};
		64A901151833378000D91489 /* Release */ = {
			isa = XCBuildConfiguration;
			baseConfigurationReference = 19E9432CA91C494DA4F25F6D /* Pods.xcconfig */;
			buildSettings = {
				BUNDLE_LOADER = "$(BUILT_PRODUCTS_DIR)/StatusThing.app/Contents/MacOS/StatusThing";
				FRAMEWORK_SEARCH_PATHS = (
					"$(DEVELOPER_FRAMEWORKS_DIR)",
					"$(inherited)",
				);
				GCC_PRECOMPILE_PREFIX_HEADER = YES;
				GCC_PREFIX_HEADER = "StatusThing Tests/StatusThing Tests-Prefix.pch";
				INFOPLIST_FILE = "StatusThing Tests/StatusThing Tests-Info.plist";
				PRODUCT_NAME = "$(TARGET_NAME)";
				TEST_HOST = "$(BUNDLE_LOADER)";
				WRAPPER_EXTENSION = xctest;
			};
			name = Release;
		};
/* End XCBuildConfiguration section */

/* Begin XCConfigurationList section */
		6415A59D182F4E1300EEBAA2 /* Build configuration list for PBXProject "StatusThing" */ = {
			isa = XCConfigurationList;
			buildConfigurations = (
				6415A5D1182F4E1400EEBAA2 /* Debug */,
				6415A5D2182F4E1400EEBAA2 /* Release */,
			);
			defaultConfigurationIsVisible = 0;
			defaultConfigurationName = Release;
		};
		6415A5D3182F4E1400EEBAA2 /* Build configuration list for PBXNativeTarget "StatusThing" */ = {
			isa = XCConfigurationList;
			buildConfigurations = (
				6415A5D4182F4E1400EEBAA2 /* Debug */,
				6415A5D5182F4E1400EEBAA2 /* Release */,
			);
			defaultConfigurationIsVisible = 0;
			defaultConfigurationName = Release;
		};
		64A901131833378000D91489 /* Build configuration list for PBXNativeTarget "StatusThing Tests" */ = {
			isa = XCConfigurationList;
			buildConfigurations = (
				64A901141833378000D91489 /* Debug */,
				64A901151833378000D91489 /* Release */,
			);
			defaultConfigurationIsVisible = 0;
			defaultConfigurationName = Release;
		};
/* End XCConfigurationList section */
	};
	rootObject = 6415A59A182F4E1300EEBAA2 /* Project object */;
}
