// !$*UTF8*$!
{
	archiveVersion = 1;
	classes = {
	};
	objectVersion = 46;
	objects = {

/* Begin PBXBuildFile section */
		6415A5A6182F4E1300EEBAA2 /* Cocoa.framework in Frameworks */ = {isa = PBXBuildFile; fileRef = 6415A5A5182F4E1300EEBAA2 /* Cocoa.framework */; };
		6415A5B2182F4E1300EEBAA2 /* main.m in Sources */ = {isa = PBXBuildFile; fileRef = 6415A5B1182F4E1300EEBAA2 /* main.m */; };
		6415A5B9182F4E1300EEBAA2 /* AKAppDelegate.m in Sources */ = {isa = PBXBuildFile; fileRef = 6415A5B8182F4E1300EEBAA2 /* AKAppDelegate.m */; };
		6415A5BC182F4E1300EEBAA2 /* MainMenu.xib in Resources */ = {isa = PBXBuildFile; fileRef = 6415A5BA182F4E1300EEBAA2 /* MainMenu.xib */; };
		6415A5BE182F4E1300EEBAA2 /* Images.xcassets in Resources */ = {isa = PBXBuildFile; fileRef = 6415A5BD182F4E1300EEBAA2 /* Images.xcassets */; };
		6415A5C5182F4E1400EEBAA2 /* XCTest.framework in Frameworks */ = {isa = PBXBuildFile; fileRef = 6415A5C4182F4E1400EEBAA2 /* XCTest.framework */; };
		6415A5C6182F4E1400EEBAA2 /* Cocoa.framework in Frameworks */ = {isa = PBXBuildFile; fileRef = 6415A5A5182F4E1300EEBAA2 /* Cocoa.framework */; };
		B69F5283100C4CBD930BB43F /* libPods.a in Frameworks */ = {isa = PBXBuildFile; fileRef = ABA0628C4E3D4093B823CE66 /* libPods.a */; };
/* End PBXBuildFile section */

/* Begin PBXContainerItemProxy section */
		6415A5C7182F4E1400EEBAA2 /* PBXContainerItemProxy */ = {
			isa = PBXContainerItemProxy;
			containerPortal = 6415A59A182F4E1300EEBAA2 /* Project object */;
			proxyType = 1;
			remoteGlobalIDString = 6415A5A1182F4E1300EEBAA2;
			remoteInfo = StatusThing;
		};
/* End PBXContainerItemProxy section */

/* Begin PBXFileReference section */
		19E9432CA91C494DA4F25F6D /* Pods.xcconfig */ = {isa = PBXFileReference; includeInIndex = 1; lastKnownFileType = text.xcconfig; name = Pods.xcconfig; path = Pods/Pods.xcconfig; sourceTree = "<group>"; };
		6415A5A2182F4E1300EEBAA2 /* StatusThing.app */ = {isa = PBXFileReference; explicitFileType = wrapper.application; includeInIndex = 0; path = StatusThing.app; sourceTree = BUILT_PRODUCTS_DIR; };
		6415A5A5182F4E1300EEBAA2 /* Cocoa.framework */ = {isa = PBXFileReference; lastKnownFileType = wrapper.framework; name = Cocoa.framework; path = System/Library/Frameworks/Cocoa.framework; sourceTree = SDKROOT; };
		6415A5A8182F4E1300EEBAA2 /* AppKit.framework */ = {isa = PBXFileReference; lastKnownFileType = wrapper.framework; name = AppKit.framework; path = System/Library/Frameworks/AppKit.framework; sourceTree = SDKROOT; };
		6415A5A9182F4E1300EEBAA2 /* CoreData.framework */ = {isa = PBXFileReference; lastKnownFileType = wrapper.framework; name = CoreData.framework; path = System/Library/Frameworks/CoreData.framework; sourceTree = SDKROOT; };
		6415A5AA182F4E1300EEBAA2 /* Foundation.framework */ = {isa = PBXFileReference; lastKnownFileType = wrapper.framework; name = Foundation.framework; path = System/Library/Frameworks/Foundation.framework; sourceTree = SDKROOT; };
		6415A5AD182F4E1300EEBAA2 /* StatusThing-Info.plist */ = {isa = PBXFileReference; lastKnownFileType = text.plist.xml; path = "StatusThing-Info.plist"; sourceTree = "<group>"; };
		6415A5B1182F4E1300EEBAA2 /* main.m */ = {isa = PBXFileReference; lastKnownFileType = sourcecode.c.objc; path = main.m; sourceTree = "<group>"; };
		6415A5B3182F4E1300EEBAA2 /* StatusThing-Prefix.pch */ = {isa = PBXFileReference; lastKnownFileType = sourcecode.c.h; path = "StatusThing-Prefix.pch"; sourceTree = "<group>"; };
		6415A5B7182F4E1300EEBAA2 /* AKAppDelegate.h */ = {isa = PBXFileReference; lastKnownFileType = sourcecode.c.h; path = AKAppDelegate.h; sourceTree = "<group>"; };
		6415A5B8182F4E1300EEBAA2 /* AKAppDelegate.m */ = {isa = PBXFileReference; lastKnownFileType = sourcecode.c.objc; path = AKAppDelegate.m; sourceTree = "<group>"; };
		6415A5BB182F4E1300EEBAA2 /* Base */ = {isa = PBXFileReference; lastKnownFileType = file.xib; name = Base; path = Base.lproj/MainMenu.xib; sourceTree = "<group>"; };
		6415A5BD182F4E1300EEBAA2 /* Images.xcassets */ = {isa = PBXFileReference; lastKnownFileType = folder.assetcatalog; path = Images.xcassets; sourceTree = "<group>"; };
		6415A5C3182F4E1400EEBAA2 /* StatusThingTests.xctest */ = {isa = PBXFileReference; explicitFileType = wrapper.cfbundle; includeInIndex = 0; path = StatusThingTests.xctest; sourceTree = BUILT_PRODUCTS_DIR; };
		6415A5C4182F4E1400EEBAA2 /* XCTest.framework */ = {isa = PBXFileReference; lastKnownFileType = wrapper.framework; name = XCTest.framework; path = Library/Frameworks/XCTest.framework; sourceTree = DEVELOPER_DIR; };
		ABA0628C4E3D4093B823CE66 /* libPods.a */ = {isa = PBXFileReference; explicitFileType = archive.ar; includeInIndex = 0; path = libPods.a; sourceTree = BUILT_PRODUCTS_DIR; };
/* End PBXFileReference section */

/* Begin PBXFrameworksBuildPhase section */
		6415A59F182F4E1300EEBAA2 /* Frameworks */ = {
			isa = PBXFrameworksBuildPhase;
			buildActionMask = 2147483647;
			files = (
				6415A5A6182F4E1300EEBAA2 /* Cocoa.framework in Frameworks */,
				B69F5283100C4CBD930BB43F /* libPods.a in Frameworks */,
			);
			runOnlyForDeploymentPostprocessing = 0;
		};
		6415A5C0182F4E1400EEBAA2 /* Frameworks */ = {
			isa = PBXFrameworksBuildPhase;
			buildActionMask = 2147483647;
			files = (
				6415A5C6182F4E1400EEBAA2 /* Cocoa.framework in Frameworks */,
				6415A5C5182F4E1400EEBAA2 /* XCTest.framework in Frameworks */,
			);
			runOnlyForDeploymentPostprocessing = 0;
		};
/* End PBXFrameworksBuildPhase section */

/* Begin PBXGroup section */
		6415A599182F4E1300EEBAA2 = {
			isa = PBXGroup;
			children = (
				6415A5AB182F4E1300EEBAA2 /* StatusThing */,
				6415A5A4182F4E1300EEBAA2 /* Frameworks */,
				6415A5A3182F4E1300EEBAA2 /* Products */,
				19E9432CA91C494DA4F25F6D /* Pods.xcconfig */,
			);
			sourceTree = "<group>";
		};
		6415A5A3182F4E1300EEBAA2 /* Products */ = {
			isa = PBXGroup;
			children = (
				6415A5A2182F4E1300EEBAA2 /* StatusThing.app */,
				6415A5C3182F4E1400EEBAA2 /* StatusThingTests.xctest */,
			);
			name = Products;
			sourceTree = "<group>";
		};
		6415A5A4182F4E1300EEBAA2 /* Frameworks */ = {
			isa = PBXGroup;
			children = (
				6415A5A5182F4E1300EEBAA2 /* Cocoa.framework */,
				6415A5C4182F4E1400EEBAA2 /* XCTest.framework */,
				6415A5A7182F4E1300EEBAA2 /* Other Frameworks */,
				ABA0628C4E3D4093B823CE66 /* libPods.a */,
			);
			name = Frameworks;
			sourceTree = "<group>";
		};
		6415A5A7182F4E1300EEBAA2 /* Other Frameworks */ = {
			isa = PBXGroup;
			children = (
				6415A5A8182F4E1300EEBAA2 /* AppKit.framework */,
				6415A5A9182F4E1300EEBAA2 /* CoreData.framework */,
				6415A5AA182F4E1300EEBAA2 /* Foundation.framework */,
			);
			name = "Other Frameworks";
			sourceTree = "<group>";
		};
		6415A5AB182F4E1300EEBAA2 /* StatusThing */ = {
			isa = PBXGroup;
			children = (
				6415A5B7182F4E1300EEBAA2 /* AKAppDelegate.h */,
				6415A5B8182F4E1300EEBAA2 /* AKAppDelegate.m */,
				6415A5BA182F4E1300EEBAA2 /* MainMenu.xib */,
				6415A5BD182F4E1300EEBAA2 /* Images.xcassets */,
				6415A5AC182F4E1300EEBAA2 /* Supporting Files */,
			);
			path = StatusThing;
			sourceTree = "<group>";
		};
		6415A5AC182F4E1300EEBAA2 /* Supporting Files */ = {
			isa = PBXGroup;
			children = (
				6415A5AD182F4E1300EEBAA2 /* StatusThing-Info.plist */,
				6415A5B1182F4E1300EEBAA2 /* main.m */,
				6415A5B3182F4E1300EEBAA2 /* StatusThing-Prefix.pch */,
			);
			name = "Supporting Files";
			sourceTree = "<group>";
		};
/* End PBXGroup section */

/* Begin PBXNativeTarget section */
		6415A5A1182F4E1300EEBAA2 /* StatusThing */ = {
			isa = PBXNativeTarget;
			buildConfigurationList = 6415A5D3182F4E1400EEBAA2 /* Build configuration list for PBXNativeTarget "StatusThing" */;
			buildPhases = (
				1DB980862F4B4D19BA05A2EF /* Check Pods Manifest.lock */,
				6415A59E182F4E1300EEBAA2 /* Sources */,
				6415A59F182F4E1300EEBAA2 /* Frameworks */,
				6415A5A0182F4E1300EEBAA2 /* Resources */,
				C763CCFF0B6E4EE7AF53D3CA /* Copy Pods Resources */,
			);
			buildRules = (
			);
			dependencies = (
			);
			name = StatusThing;
			productName = StatusThing;
			productReference = 6415A5A2182F4E1300EEBAA2 /* StatusThing.app */;
			productType = "com.apple.product-type.application";
		};
		6415A5C2182F4E1400EEBAA2 /* StatusThingTests */ = {
			isa = PBXNativeTarget;
			buildConfigurationList = 6415A5D6182F4E1400EEBAA2 /* Build configuration list for PBXNativeTarget "StatusThingTests" */;
			buildPhases = (
				6415A5BF182F4E1400EEBAA2 /* Sources */,
				6415A5C0182F4E1400EEBAA2 /* Frameworks */,
				6415A5C1182F4E1400EEBAA2 /* Resources */,
			);
			buildRules = (
			);
			dependencies = (
				6415A5C8182F4E1400EEBAA2 /* PBXTargetDependency */,
			);
			name = StatusThingTests;
			productName = StatusThingTests;
			productReference = 6415A5C3182F4E1400EEBAA2 /* StatusThingTests.xctest */;
			productType = "com.apple.product-type.bundle.unit-test";
		};
/* End PBXNativeTarget section */

/* Begin PBXProject section */
		6415A59A182F4E1300EEBAA2 /* Project object */ = {
			isa = PBXProject;
			attributes = {
				CLASSPREFIX = AK;
				LastUpgradeCheck = 0500;
				ORGANIZATIONNAME = "Alex King";
				TargetAttributes = {
					6415A5C2182F4E1400EEBAA2 = {
						TestTargetID = 6415A5A1182F4E1300EEBAA2;
					};
				};
			};
			buildConfigurationList = 6415A59D182F4E1300EEBAA2 /* Build configuration list for PBXProject "StatusThing" */;
			compatibilityVersion = "Xcode 3.2";
			developmentRegion = English;
			hasScannedForEncodings = 0;
			knownRegions = (
				en,
				Base,
			);
			mainGroup = 6415A599182F4E1300EEBAA2;
			productRefGroup = 6415A5A3182F4E1300EEBAA2 /* Products */;
			projectDirPath = "";
			projectRoot = "";
			targets = (
				6415A5A1182F4E1300EEBAA2 /* StatusThing */,
				6415A5C2182F4E1400EEBAA2 /* StatusThingTests */,
			);
		};
/* End PBXProject section */

/* Begin PBXResourcesBuildPhase section */
		6415A5A0182F4E1300EEBAA2 /* Resources */ = {
			isa = PBXResourcesBuildPhase;
			buildActionMask = 2147483647;
			files = (
				6415A5BE182F4E1300EEBAA2 /* Images.xcassets in Resources */,
				6415A5BC182F4E1300EEBAA2 /* MainMenu.xib in Resources */,
			);
			runOnlyForDeploymentPostprocessing = 0;
		};
		6415A5C1182F4E1400EEBAA2 /* Resources */ = {
			isa = PBXResourcesBuildPhase;
			buildActionMask = 2147483647;
			files = (
			);
			runOnlyForDeploymentPostprocessing = 0;
		};
/* End PBXResourcesBuildPhase section */

/* Begin PBXShellScriptBuildPhase section */
		1DB980862F4B4D19BA05A2EF /* Check Pods Manifest.lock */ = {
			isa = PBXShellScriptBuildPhase;
			buildActionMask = 2147483647;
			files = (
			);
			inputPaths = (
			);
			name = "Check Pods Manifest.lock";
			outputPaths = (
			);
			runOnlyForDeploymentPostprocessing = 0;
			shellPath = /bin/sh;
			shellScript = "diff \"${PODS_ROOT}/../Podfile.lock\" \"${PODS_ROOT}/Manifest.lock\" > /dev/null\nif [[ $? != 0 ]] ; then\n    cat << EOM\nerror: The sandbox is not in sync with the Podfile.lock. Run 'pod install' or update your CocoaPods installation.\nEOM\n    exit 1\nfi\n";
			showEnvVarsInLog = 0;
		};
		C763CCFF0B6E4EE7AF53D3CA /* Copy Pods Resources */ = {
			isa = PBXShellScriptBuildPhase;
			buildActionMask = 2147483647;
			files = (
			);
			inputPaths = (
			);
			name = "Copy Pods Resources";
			outputPaths = (
			);
			runOnlyForDeploymentPostprocessing = 0;
			shellPath = /bin/sh;
			shellScript = "\"${SRCROOT}/Pods/Pods-resources.sh\"\n";
			showEnvVarsInLog = 0;
		};
/* End PBXShellScriptBuildPhase section */

/* Begin PBXSourcesBuildPhase section */
		6415A59E182F4E1300EEBAA2 /* Sources */ = {
			isa = PBXSourcesBuildPhase;
			buildActionMask = 2147483647;
			files = (
				6415A5B9182F4E1300EEBAA2 /* AKAppDelegate.m in Sources */,
				6415A5B2182F4E1300EEBAA2 /* main.m in Sources */,
			);
			runOnlyForDeploymentPostprocessing = 0;
		};
		6415A5BF182F4E1400EEBAA2 /* Sources */ = {
			isa = PBXSourcesBuildPhase;
			buildActionMask = 2147483647;
			files = (
			);
			runOnlyForDeploymentPostprocessing = 0;
		};
/* End PBXSourcesBuildPhase section */

/* Begin PBXTargetDependency section */
		6415A5C8182F4E1400EEBAA2 /* PBXTargetDependency */ = {
			isa = PBXTargetDependency;
			target = 6415A5A1182F4E1300EEBAA2 /* StatusThing */;
			targetProxy = 6415A5C7182F4E1400EEBAA2 /* PBXContainerItemProxy */;
		};
/* End PBXTargetDependency section */

/* Begin PBXVariantGroup section */
		6415A5BA182F4E1300EEBAA2 /* MainMenu.xib */ = {
			isa = PBXVariantGroup;
			children = (
				6415A5BB182F4E1300EEBAA2 /* Base */,
			);
			name = MainMenu.xib;
			sourceTree = "<group>";
		};
/* End PBXVariantGroup section */

/* Begin XCBuildConfiguration section */
		6415A5D1182F4E1400EEBAA2 /* Debug */ = {
			isa = XCBuildConfiguration;
			buildSettings = {
				ALWAYS_SEARCH_USER_PATHS = NO;
				CLANG_CXX_LANGUAGE_STANDARD = "gnu++0x";
				CLANG_CXX_LIBRARY = "libc++";
				CLANG_ENABLE_OBJC_ARC = YES;
				CLANG_WARN_BOOL_CONVERSION = YES;
				CLANG_WARN_CONSTANT_CONVERSION = YES;
				CLANG_WARN_DIRECT_OBJC_ISA_USAGE = YES_ERROR;
				CLANG_WARN_EMPTY_BODY = YES;
				CLANG_WARN_ENUM_CONVERSION = YES;
				CLANG_WARN_INT_CONVERSION = YES;
				CLANG_WARN_OBJC_ROOT_CLASS = YES_ERROR;
				CLANG_WARN__DUPLICATE_METHOD_MATCH = YES;
				COPY_PHASE_STRIP = NO;
				GCC_C_LANGUAGE_STANDARD = gnu99;
				GCC_DYNAMIC_NO_PIC = NO;
				GCC_ENABLE_OBJC_EXCEPTIONS = YES;
				GCC_OPTIMIZATION_LEVEL = 0;
				GCC_PREPROCESSOR_DEFINITIONS = (
					"DEBUG=1",
					"$(inherited)",
				);
				GCC_SYMBOLS_PRIVATE_EXTERN = NO;
				GCC_WARN_64_TO_32_BIT_CONVERSION = YES;
				GCC_WARN_ABOUT_RETURN_TYPE = YES_ERROR;
				GCC_WARN_UNDECLARED_SELECTOR = YES;
				GCC_WARN_UNINITIALIZED_AUTOS = YES;
				GCC_WARN_UNUSED_FUNCTION = YES;
				GCC_WARN_UNUSED_VARIABLE = YES;
				MACOSX_DEPLOYMENT_TARGET = 10.9;
				ONLY_ACTIVE_ARCH = YES;
				SDKROOT = macosx;
			};
			name = Debug;
		};
		6415A5D2182F4E1400EEBAA2 /* Release */ = {
			isa = XCBuildConfiguration;
			buildSettings = {
				ALWAYS_SEARCH_USER_PATHS = NO;
				CLANG_CXX_LANGUAGE_STANDARD = "gnu++0x";
				CLANG_CXX_LIBRARY = "libc++";
				CLANG_ENABLE_OBJC_ARC = YES;
				CLANG_WARN_BOOL_CONVERSION = YES;
				CLANG_WARN_CONSTANT_CONVERSION = YES;
				CLANG_WARN_DIRECT_OBJC_ISA_USAGE = YES_ERROR;
				CLANG_WARN_EMPTY_BODY = YES;
				CLANG_WARN_ENUM_CONVERSION = YES;
				CLANG_WARN_INT_CONVERSION = YES;
				CLANG_WARN_OBJC_ROOT_CLASS = YES_ERROR;
				CLANG_WARN__DUPLICATE_METHOD_MATCH = YES;
				COPY_PHASE_STRIP = YES;
				DEBUG_INFORMATION_FORMAT = "dwarf-with-dsym";
				ENABLE_NS_ASSERTIONS = NO;
				GCC_C_LANGUAGE_STANDARD = gnu99;
				GCC_ENABLE_OBJC_EXCEPTIONS = YES;
				GCC_WARN_64_TO_32_BIT_CONVERSION = YES;
				GCC_WARN_ABOUT_RETURN_TYPE = YES_ERROR;
				GCC_WARN_UNDECLARED_SELECTOR = YES;
				GCC_WARN_UNINITIALIZED_AUTOS = YES;
				GCC_WARN_UNUSED_FUNCTION = YES;
				GCC_WARN_UNUSED_VARIABLE = YES;
				MACOSX_DEPLOYMENT_TARGET = 10.9;
				SDKROOT = macosx;
			};
			name = Release;
		};
		6415A5D4182F4E1400EEBAA2 /* Debug */ = {
			isa = XCBuildConfiguration;
			baseConfigurationReference = 19E9432CA91C494DA4F25F6D /* Pods.xcconfig */;
			buildSettings = {
				ASSETCATALOG_COMPILER_APPICON_NAME = AppIcon;
				COMBINE_HIDPI_IMAGES = YES;
				GCC_PRECOMPILE_PREFIX_HEADER = YES;
				GCC_PREFIX_HEADER = "StatusThing/StatusThing-Prefix.pch";
				INFOPLIST_FILE = "StatusThing/StatusThing-Info.plist";
				PRODUCT_NAME = "$(TARGET_NAME)";
				WRAPPER_EXTENSION = app;
			};
			name = Debug;
		};
		6415A5D5182F4E1400EEBAA2 /* Release */ = {
			isa = XCBuildConfiguration;
			baseConfigurationReference = 19E9432CA91C494DA4F25F6D /* Pods.xcconfig */;
			buildSettings = {
				ASSETCATALOG_COMPILER_APPICON_NAME = AppIcon;
				COMBINE_HIDPI_IMAGES = YES;
				GCC_PRECOMPILE_PREFIX_HEADER = YES;
				GCC_PREFIX_HEADER = "StatusThing/StatusThing-Prefix.pch";
				INFOPLIST_FILE = "StatusThing/StatusThing-Info.plist";
				PRODUCT_NAME = "$(TARGET_NAME)";
				WRAPPER_EXTENSION = app;
			};
			name = Release;
		};
		6415A5D7182F4E1400EEBAA2 /* Debug */ = {
			isa = XCBuildConfiguration;
			buildSettings = {
				BUNDLE_LOADER = "$(BUILT_PRODUCTS_DIR)/StatusThing.app/Contents/MacOS/StatusThing";
				COMBINE_HIDPI_IMAGES = YES;
				FRAMEWORK_SEARCH_PATHS = (
					"$(DEVELOPER_FRAMEWORKS_DIR)",
					"$(inherited)",
				);
				GCC_PRECOMPILE_PREFIX_HEADER = YES;
				GCC_PREFIX_HEADER = "StatusThing/StatusThing-Prefix.pch";
				GCC_PREPROCESSOR_DEFINITIONS = (
					"DEBUG=1",
					"$(inherited)",
				);
				INFOPLIST_FILE = "StatusThingTests/StatusThingTests-Info.plist";
				PRODUCT_NAME = "$(TARGET_NAME)";
				TEST_HOST = "$(BUNDLE_LOADER)";
				WRAPPER_EXTENSION = xctest;
			};
			name = Debug;
		};
		6415A5D8182F4E1400EEBAA2 /* Release */ = {
			isa = XCBuildConfiguration;
			buildSettings = {
				BUNDLE_LOADER = "$(BUILT_PRODUCTS_DIR)/StatusThing.app/Contents/MacOS/StatusThing";
				COMBINE_HIDPI_IMAGES = YES;
				FRAMEWORK_SEARCH_PATHS = (
					"$(DEVELOPER_FRAMEWORKS_DIR)",
					"$(inherited)",
				);
				GCC_PRECOMPILE_PREFIX_HEADER = YES;
				GCC_PREFIX_HEADER = "StatusThing/StatusThing-Prefix.pch";
				INFOPLIST_FILE = "StatusThingTests/StatusThingTests-Info.plist";
				PRODUCT_NAME = "$(TARGET_NAME)";
				TEST_HOST = "$(BUNDLE_LOADER)";
				WRAPPER_EXTENSION = xctest;
			};
			name = Release;
		};
/* End XCBuildConfiguration section */

/* Begin XCConfigurationList section */
		6415A59D182F4E1300EEBAA2 /* Build configuration list for PBXProject "StatusThing" */ = {
			isa = XCConfigurationList;
			buildConfigurations = (
				6415A5D1182F4E1400EEBAA2 /* Debug */,
				6415A5D2182F4E1400EEBAA2 /* Release */,
			);
			defaultConfigurationIsVisible = 0;
			defaultConfigurationName = Release;
		};
		6415A5D3182F4E1400EEBAA2 /* Build configuration list for PBXNativeTarget "StatusThing" */ = {
			isa = XCConfigurationList;
			buildConfigurations = (
				6415A5D4182F4E1400EEBAA2 /* Debug */,
				6415A5D5182F4E1400EEBAA2 /* Release */,
			);
			defaultConfigurationIsVisible = 0;
			defaultConfigurationName = Release;
		};
		6415A5D6182F4E1400EEBAA2 /* Build configuration list for PBXNativeTarget "StatusThingTests" */ = {
			isa = XCConfigurationList;
			buildConfigurations = (
				6415A5D7182F4E1400EEBAA2 /* Debug */,
				6415A5D8182F4E1400EEBAA2 /* Release */,
			);
			defaultConfigurationIsVisible = 0;
			defaultConfigurationName = Release;
		};
/* End XCConfigurationList section */
	};
	rootObject = 6415A59A182F4E1300EEBAA2 /* Project object */;
}
